
Microsoft Visual Studio Solution File, Format Version 12.00
# Visual Studio 15
VisualStudioVersion = 15.0.28010.2050
MinimumVisualStudioVersion = 10.0.40219.1
Project("{9A19103F-16F7-4668-BE54-9A1E7A4F7556}") = "TopTenBites.Web", "src\TopTenBites.Web\TopTenBites.Web.csproj", "{64B57F06-393C-4A8B-B68C-02245755404C}"
EndProject
Project("{FAE04EC0-301F-11D3-BF4B-00C04F79EFBC}") = "TopTenBites.Tests", "tests\TopTenBites.Tests\TopTenBites.Tests.csproj", "{4296C750-693D-472B-B91D-55D0F2BD2405}"
EndProject
Global
	GlobalSection(SolutionConfigurationPlatforms) = preSolution
		Debug|Any CPU = Debug|Any CPU
		Release|Any CPU = Release|Any CPU
	EndGlobalSection
	GlobalSection(ProjectConfigurationPlatforms) = postSolution
		{64B57F06-393C-4A8B-B68C-02245755404C}.Debug|Any CPU.ActiveCfg = Debug|Any CPU
		{64B57F06-393C-4A8B-B68C-02245755404C}.Debug|Any CPU.Build.0 = Debug|Any CPU
		{64B57F06-393C-4A8B-B68C-02245755404C}.Release|Any CPU.ActiveCfg = Release|Any CPU
		{64B57F06-393C-4A8B-B68C-02245755404C}.Release|Any CPU.Build.0 = Release|Any CPU
		{4296C750-693D-472B-B91D-55D0F2BD2405}.Debug|Any CPU.ActiveCfg = Debug|Any CPU
		{4296C750-693D-472B-B91D-55D0F2BD2405}.Debug|Any CPU.Build.0 = Debug|Any CPU
		{4296C750-693D-472B-B91D-55D0F2BD2405}.Release|Any CPU.ActiveCfg = Release|Any CPU
		{4296C750-693D-472B-B91D-55D0F2BD2405}.Release|Any CPU.Build.0 = Release|Any CPU
	EndGlobalSection
	GlobalSection(SolutionProperties) = preSolution
		HideSolutionNode = FALSE
	EndGlobalSection
	GlobalSection(ExtensibilityGlobals) = postSolution
		SolutionGuid = {2050EC1D-A0E8-4063-9A67-EB3C9689B071}
	EndGlobalSection
EndGlobal
